// !$*UTF8*$!
{
	archiveVersion = 1;
	classes = {
	};
	objectVersion = 46;
	objects = {

/* Begin PBXBuildFile section */
		A976917E155F0F2E00AD11A6 /* UIKit.framework in Frameworks */ = {isa = PBXBuildFile; fileRef = A976917D155F0F2E00AD11A6 /* UIKit.framework */; };
		A9769180155F0F2E00AD11A6 /* Foundation.framework in Frameworks */ = {isa = PBXBuildFile; fileRef = A976917F155F0F2E00AD11A6 /* Foundation.framework */; };
		A9769182155F0F2E00AD11A6 /* CoreGraphics.framework in Frameworks */ = {isa = PBXBuildFile; fileRef = A9769181155F0F2E00AD11A6 /* CoreGraphics.framework */; };
		A9769188155F0F2E00AD11A6 /* InfoPlist.strings in Resources */ = {isa = PBXBuildFile; fileRef = A9769186155F0F2E00AD11A6 /* InfoPlist.strings */; };
		A976918A155F0F2E00AD11A6 /* main.m in Sources */ = {isa = PBXBuildFile; fileRef = A9769189155F0F2E00AD11A6 /* main.m */; };
		A976918E155F0F2E00AD11A6 /* AppDelegate.m in Sources */ = {isa = PBXBuildFile; fileRef = A976918D155F0F2E00AD11A6 /* AppDelegate.m */; };
		A9769191155F0F2E00AD11A6 /* ViewController.m in Sources */ = {isa = PBXBuildFile; fileRef = A9769190155F0F2E00AD11A6 /* ViewController.m */; };
		A9769194155F0F2E00AD11A6 /* ViewController_iPhone.xib in Resources */ = {isa = PBXBuildFile; fileRef = A9769192155F0F2E00AD11A6 /* ViewController_iPhone.xib */; };
		A9769197155F0F2E00AD11A6 /* ViewController_iPad.xib in Resources */ = {isa = PBXBuildFile; fileRef = A9769195155F0F2E00AD11A6 /* ViewController_iPad.xib */; };
		A976919F155F0F2F00AD11A6 /* SenTestingKit.framework in Frameworks */ = {isa = PBXBuildFile; fileRef = A976919E155F0F2F00AD11A6 /* SenTestingKit.framework */; };
		A97691A0155F0F2F00AD11A6 /* UIKit.framework in Frameworks */ = {isa = PBXBuildFile; fileRef = A976917D155F0F2E00AD11A6 /* UIKit.framework */; };
		A97691A1155F0F2F00AD11A6 /* Foundation.framework in Frameworks */ = {isa = PBXBuildFile; fileRef = A976917F155F0F2E00AD11A6 /* Foundation.framework */; };
		A97691A9155F0F2F00AD11A6 /* InfoPlist.strings in Resources */ = {isa = PBXBuildFile; fileRef = A97691A7155F0F2F00AD11A6 /* InfoPlist.strings */; };
		A97691AC155F0F2F00AD11A6 /* MeshNetworkTests.m in Sources */ = {isa = PBXBuildFile; fileRef = A97691AB155F0F2F00AD11A6 /* MeshNetworkTests.m */; };
		A97691B6155F0F6E00AD11A6 /* GameKit.framework in Frameworks */ = {isa = PBXBuildFile; fileRef = A97691B5155F0F6E00AD11A6 /* GameKit.framework */; };
		A9B636F8155F136600BC9EAB /* Device.m in Sources */ = {isa = PBXBuildFile; fileRef = A9B636E6155F136600BC9EAB /* Device.m */; };
		A9B636F9155F136600BC9EAB /* DevicesManager.m in Sources */ = {isa = PBXBuildFile; fileRef = A9B636E8155F136600BC9EAB /* DevicesManager.m */; };
		A9B636FA155F136600BC9EAB /* SessionManager.m in Sources */ = {isa = PBXBuildFile; fileRef = A9B636EA155F136600BC9EAB /* SessionManager.m */; };
		A9B636FB155F136600BC9EAB /* ContactDataProvider.m in Sources */ = {isa = PBXBuildFile; fileRef = A9B636EE155F136600BC9EAB /* ContactDataProvider.m */; };
		A9B636FC155F136600BC9EAB /* DataHandler.m in Sources */ = {isa = PBXBuildFile; fileRef = A9B636F1155F136600BC9EAB /* DataHandler.m */; };
		A9B636FD155F136600BC9EAB /* ABRecordSerializer.m in Sources */ = {isa = PBXBuildFile; fileRef = A9B636F5155F136600BC9EAB /* ABRecordSerializer.m */; };
		A9B636FE155F136600BC9EAB /* DeviceCell.m in Sources */ = {isa = PBXBuildFile; fileRef = A9B636F7155F136600BC9EAB /* DeviceCell.m */; };
		A9B63703155F141200BC9EAB /* BeamItViewController.m in Sources */ = {isa = PBXBuildFile; fileRef = A9B63702155F141200BC9EAB /* BeamItViewController.m */; };
		A9B6370A155F143200BC9EAB /* AddressBook.framework in Frameworks */ = {isa = PBXBuildFile; fileRef = A9B63708155F143200BC9EAB /* AddressBook.framework */; };
		A9B6370B155F143200BC9EAB /* AddressBookUI.framework in Frameworks */ = {isa = PBXBuildFile; fileRef = A9B63709155F143200BC9EAB /* AddressBookUI.framework */; };
		A9B6370D155F145D00BC9EAB /* AudioToolbox.framework in Frameworks */ = {isa = PBXBuildFile; fileRef = A9B6370C155F145D00BC9EAB /* AudioToolbox.framework */; };
		A9B63710155F17D100BC9EAB /* MNCenter.m in Sources */ = {isa = PBXBuildFile; fileRef = A9B6370F155F17D100BC9EAB /* MNCenter.m */; };
		A9B63714155F3C1300BC9EAB /* Localizable.strings in Resources */ = {isa = PBXBuildFile; fileRef = A9B63712155F3C1300BC9EAB /* Localizable.strings */; };
		A9B63717155F5C8100BC9EAB /* MNLabel.m in Sources */ = {isa = PBXBuildFile; fileRef = A9B63716155F5C8100BC9EAB /* MNLabel.m */; };
/* End PBXBuildFile section */

/* Begin PBXContainerItemProxy section */
		A97691A2155F0F2F00AD11A6 /* PBXContainerItemProxy */ = {
			isa = PBXContainerItemProxy;
			containerPortal = A9769170155F0F2E00AD11A6 /* Project object */;
			proxyType = 1;
			remoteGlobalIDString = A9769178155F0F2E00AD11A6;
			remoteInfo = MeshNetwork;
		};
/* End PBXContainerItemProxy section */

/* Begin PBXFileReference section */
		A9769179155F0F2E00AD11A6 /* MeshNetwork.app */ = {isa = PBXFileReference; explicitFileType = wrapper.application; includeInIndex = 0; path = MeshNetwork.app; sourceTree = BUILT_PRODUCTS_DIR; };
		A976917D155F0F2E00AD11A6 /* UIKit.framework */ = {isa = PBXFileReference; lastKnownFileType = wrapper.framework; name = UIKit.framework; path = System/Library/Frameworks/UIKit.framework; sourceTree = SDKROOT; };
		A976917F155F0F2E00AD11A6 /* Foundation.framework */ = {isa = PBXFileReference; lastKnownFileType = wrapper.framework; name = Foundation.framework; path = System/Library/Frameworks/Foundation.framework; sourceTree = SDKROOT; };
		A9769181155F0F2E00AD11A6 /* CoreGraphics.framework */ = {isa = PBXFileReference; lastKnownFileType = wrapper.framework; name = CoreGraphics.framework; path = System/Library/Frameworks/CoreGraphics.framework; sourceTree = SDKROOT; };
		A9769185155F0F2E00AD11A6 /* MeshNetwork-Info.plist */ = {isa = PBXFileReference; lastKnownFileType = text.plist.xml; path = "MeshNetwork-Info.plist"; sourceTree = "<group>"; };
		A9769187155F0F2E00AD11A6 /* en */ = {isa = PBXFileReference; lastKnownFileType = text.plist.strings; name = en; path = en.lproj/InfoPlist.strings; sourceTree = "<group>"; };
		A9769189155F0F2E00AD11A6 /* main.m */ = {isa = PBXFileReference; lastKnownFileType = sourcecode.c.objc; path = main.m; sourceTree = "<group>"; };
		A976918B155F0F2E00AD11A6 /* MeshNetwork-Prefix.pch */ = {isa = PBXFileReference; lastKnownFileType = sourcecode.c.h; path = "MeshNetwork-Prefix.pch"; sourceTree = "<group>"; };
		A976918C155F0F2E00AD11A6 /* AppDelegate.h */ = {isa = PBXFileReference; lastKnownFileType = sourcecode.c.h; path = AppDelegate.h; sourceTree = "<group>"; };
		A976918D155F0F2E00AD11A6 /* AppDelegate.m */ = {isa = PBXFileReference; lastKnownFileType = sourcecode.c.objc; path = AppDelegate.m; sourceTree = "<group>"; };
		A976918F155F0F2E00AD11A6 /* ViewController.h */ = {isa = PBXFileReference; lastKnownFileType = sourcecode.c.h; path = ViewController.h; sourceTree = "<group>"; };
		A9769190155F0F2E00AD11A6 /* ViewController.m */ = {isa = PBXFileReference; lastKnownFileType = sourcecode.c.objc; path = ViewController.m; sourceTree = "<group>"; };
		A9769193155F0F2E00AD11A6 /* en */ = {isa = PBXFileReference; lastKnownFileType = file.xib; name = en; path = en.lproj/ViewController_iPhone.xib; sourceTree = "<group>"; };
		A9769196155F0F2E00AD11A6 /* en */ = {isa = PBXFileReference; lastKnownFileType = file.xib; name = en; path = en.lproj/ViewController_iPad.xib; sourceTree = "<group>"; };
		A976919D155F0F2F00AD11A6 /* MeshNetworkTests.octest */ = {isa = PBXFileReference; explicitFileType = wrapper.cfbundle; includeInIndex = 0; path = MeshNetworkTests.octest; sourceTree = BUILT_PRODUCTS_DIR; };
		A976919E155F0F2F00AD11A6 /* SenTestingKit.framework */ = {isa = PBXFileReference; lastKnownFileType = wrapper.framework; name = SenTestingKit.framework; path = Library/Frameworks/SenTestingKit.framework; sourceTree = DEVELOPER_DIR; };
		A97691A6155F0F2F00AD11A6 /* MeshNetworkTests-Info.plist */ = {isa = PBXFileReference; lastKnownFileType = text.plist.xml; path = "MeshNetworkTests-Info.plist"; sourceTree = "<group>"; };
		A97691A8155F0F2F00AD11A6 /* en */ = {isa = PBXFileReference; lastKnownFileType = text.plist.strings; name = en; path = en.lproj/InfoPlist.strings; sourceTree = "<group>"; };
		A97691AA155F0F2F00AD11A6 /* MeshNetworkTests.h */ = {isa = PBXFileReference; lastKnownFileType = sourcecode.c.h; path = MeshNetworkTests.h; sourceTree = "<group>"; };
		A97691AB155F0F2F00AD11A6 /* MeshNetworkTests.m */ = {isa = PBXFileReference; lastKnownFileType = sourcecode.c.objc; path = MeshNetworkTests.m; sourceTree = "<group>"; };
		A97691B5155F0F6E00AD11A6 /* GameKit.framework */ = {isa = PBXFileReference; lastKnownFileType = wrapper.framework; name = GameKit.framework; path = System/Library/Frameworks/GameKit.framework; sourceTree = SDKROOT; };
		A9B636E5155F136600BC9EAB /* Device.h */ = {isa = PBXFileReference; fileEncoding = 4; lastKnownFileType = sourcecode.c.h; path = Device.h; sourceTree = "<group>"; };
		A9B636E6155F136600BC9EAB /* Device.m */ = {isa = PBXFileReference; fileEncoding = 4; lastKnownFileType = sourcecode.c.objc; path = Device.m; sourceTree = "<group>"; };
		A9B636E7155F136600BC9EAB /* DevicesManager.h */ = {isa = PBXFileReference; fileEncoding = 4; lastKnownFileType = sourcecode.c.h; path = DevicesManager.h; sourceTree = "<group>"; };
		A9B636E8155F136600BC9EAB /* DevicesManager.m */ = {isa = PBXFileReference; fileEncoding = 4; lastKnownFileType = sourcecode.c.objc; path = DevicesManager.m; sourceTree = "<group>"; };
		A9B636E9155F136600BC9EAB /* SessionManager.h */ = {isa = PBXFileReference; fileEncoding = 4; lastKnownFileType = sourcecode.c.h; lineEnding = 0; path = SessionManager.h; sourceTree = "<group>"; xcLanguageSpecificationIdentifier = xcode.lang.objcpp; };
		A9B636EA155F136600BC9EAB /* SessionManager.m */ = {isa = PBXFileReference; fileEncoding = 4; lastKnownFileType = sourcecode.c.objc; lineEnding = 0; path = SessionManager.m; sourceTree = "<group>"; xcLanguageSpecificationIdentifier = xcode.lang.objc; };
		A9B636ED155F136600BC9EAB /* ContactDataProvider.h */ = {isa = PBXFileReference; fileEncoding = 4; lastKnownFileType = sourcecode.c.h; path = ContactDataProvider.h; sourceTree = "<group>"; };
		A9B636EE155F136600BC9EAB /* ContactDataProvider.m */ = {isa = PBXFileReference; fileEncoding = 4; lastKnownFileType = sourcecode.c.objc; path = ContactDataProvider.m; sourceTree = "<group>"; };
		A9B636F0155F136600BC9EAB /* DataHandler.h */ = {isa = PBXFileReference; fileEncoding = 4; lastKnownFileType = sourcecode.c.h; path = DataHandler.h; sourceTree = "<group>"; };
		A9B636F1155F136600BC9EAB /* DataHandler.m */ = {isa = PBXFileReference; fileEncoding = 4; lastKnownFileType = sourcecode.c.objc; path = DataHandler.m; sourceTree = "<group>"; };
		A9B636F2155F136600BC9EAB /* DataProvider.h */ = {isa = PBXFileReference; fileEncoding = 4; lastKnownFileType = sourcecode.c.h; path = DataProvider.h; sourceTree = "<group>"; };
		A9B636F4155F136600BC9EAB /* ABRecordSerializer.h */ = {isa = PBXFileReference; fileEncoding = 4; lastKnownFileType = sourcecode.c.h; lineEnding = 0; path = ABRecordSerializer.h; sourceTree = "<group>"; xcLanguageSpecificationIdentifier = xcode.lang.objcpp; };
		A9B636F5155F136600BC9EAB /* ABRecordSerializer.m */ = {isa = PBXFileReference; fileEncoding = 4; lastKnownFileType = sourcecode.c.objc; lineEnding = 0; path = ABRecordSerializer.m; sourceTree = "<group>"; xcLanguageSpecificationIdentifier = xcode.lang.objc; };
		A9B636F6155F136600BC9EAB /* DeviceCell.h */ = {isa = PBXFileReference; fileEncoding = 4; lastKnownFileType = sourcecode.c.h; path = DeviceCell.h; sourceTree = "<group>"; };
		A9B636F7155F136600BC9EAB /* DeviceCell.m */ = {isa = PBXFileReference; fileEncoding = 4; lastKnownFileType = sourcecode.c.objc; path = DeviceCell.m; sourceTree = "<group>"; };
		A9B63701155F141200BC9EAB /* BeamItViewController.h */ = {isa = PBXFileReference; fileEncoding = 4; lastKnownFileType = sourcecode.c.h; path = BeamItViewController.h; sourceTree = "<group>"; };
		A9B63702155F141200BC9EAB /* BeamItViewController.m */ = {isa = PBXFileReference; fileEncoding = 4; lastKnownFileType = sourcecode.c.objc; path = BeamItViewController.m; sourceTree = "<group>"; };
		A9B63708155F143200BC9EAB /* AddressBook.framework */ = {isa = PBXFileReference; lastKnownFileType = wrapper.framework; name = AddressBook.framework; path = System/Library/Frameworks/AddressBook.framework; sourceTree = SDKROOT; };
		A9B63709155F143200BC9EAB /* AddressBookUI.framework */ = {isa = PBXFileReference; lastKnownFileType = wrapper.framework; name = AddressBookUI.framework; path = System/Library/Frameworks/AddressBookUI.framework; sourceTree = SDKROOT; };
		A9B6370C155F145D00BC9EAB /* AudioToolbox.framework */ = {isa = PBXFileReference; lastKnownFileType = wrapper.framework; name = AudioToolbox.framework; path = System/Library/Frameworks/AudioToolbox.framework; sourceTree = SDKROOT; };
		A9B6370E155F17D100BC9EAB /* MNCenter.h */ = {isa = PBXFileReference; fileEncoding = 4; lastKnownFileType = sourcecode.c.h; name = MNCenter.h; path = MNLibrary/MNCenter.h; sourceTree = SOURCE_ROOT; };
		A9B6370F155F17D100BC9EAB /* MNCenter.m */ = {isa = PBXFileReference; fileEncoding = 4; lastKnownFileType = sourcecode.c.objc; name = MNCenter.m; path = MNLibrary/MNCenter.m; sourceTree = SOURCE_ROOT; };
		A9B63713155F3C1300BC9EAB /* en */ = {isa = PBXFileReference; lastKnownFileType = text.plist.strings; name = en; path = en.lproj/Localizable.strings; sourceTree = "<group>"; };
		A9B63715155F5C8100BC9EAB /* MNLabel.h */ = {isa = PBXFileReference; fileEncoding = 4; lastKnownFileType = sourcecode.c.h; path = MNLabel.h; sourceTree = "<group>"; };
		A9B63716155F5C8100BC9EAB /* MNLabel.m */ = {isa = PBXFileReference; fileEncoding = 4; lastKnownFileType = sourcecode.c.objc; path = MNLabel.m; sourceTree = "<group>"; };
/* End PBXFileReference section */

/* Begin PBXFrameworksBuildPhase section */
		A9769176155F0F2E00AD11A6 /* Frameworks */ = {
			isa = PBXFrameworksBuildPhase;
			buildActionMask = 2147483647;
			files = (
				A9B6370D155F145D00BC9EAB /* AudioToolbox.framework in Frameworks */,
				A9B6370A155F143200BC9EAB /* AddressBook.framework in Frameworks */,
				A9B6370B155F143200BC9EAB /* AddressBookUI.framework in Frameworks */,
				A97691B6155F0F6E00AD11A6 /* GameKit.framework in Frameworks */,
				A976917E155F0F2E00AD11A6 /* UIKit.framework in Frameworks */,
				A9769180155F0F2E00AD11A6 /* Foundation.framework in Frameworks */,
				A9769182155F0F2E00AD11A6 /* CoreGraphics.framework in Frameworks */,
			);
			runOnlyForDeploymentPostprocessing = 0;
		};
		A9769199155F0F2F00AD11A6 /* Frameworks */ = {
			isa = PBXFrameworksBuildPhase;
			buildActionMask = 2147483647;
			files = (
				A976919F155F0F2F00AD11A6 /* SenTestingKit.framework in Frameworks */,
				A97691A0155F0F2F00AD11A6 /* UIKit.framework in Frameworks */,
				A97691A1155F0F2F00AD11A6 /* Foundation.framework in Frameworks */,
			);
			runOnlyForDeploymentPostprocessing = 0;
		};
/* End PBXFrameworksBuildPhase section */

/* Begin PBXGroup section */
		A976916E155F0F2E00AD11A6 = {
			isa = PBXGroup;
			children = (
				A9B636E3155F136600BC9EAB /* MNLibrary */,
				A9769183155F0F2E00AD11A6 /* MeshNetwork */,
				A97691A4155F0F2F00AD11A6 /* MeshNetworkTests */,
				A976917C155F0F2E00AD11A6 /* Frameworks */,
				A976917A155F0F2E00AD11A6 /* Products */,
			);
			sourceTree = "<group>";
		};
		A976917A155F0F2E00AD11A6 /* Products */ = {
			isa = PBXGroup;
			children = (
				A9769179155F0F2E00AD11A6 /* MeshNetwork.app */,
				A976919D155F0F2F00AD11A6 /* MeshNetworkTests.octest */,
			);
			name = Products;
			sourceTree = "<group>";
		};
		A976917C155F0F2E00AD11A6 /* Frameworks */ = {
			isa = PBXGroup;
			children = (
				A97691B5155F0F6E00AD11A6 /* GameKit.framework */,
				A976917D155F0F2E00AD11A6 /* UIKit.framework */,
				A976917F155F0F2E00AD11A6 /* Foundation.framework */,
				A9769181155F0F2E00AD11A6 /* CoreGraphics.framework */,
				A976919E155F0F2F00AD11A6 /* SenTestingKit.framework */,
			);
			name = Frameworks;
			sourceTree = "<group>";
		};
		A9769183155F0F2E00AD11A6 /* MeshNetwork */ = {
			isa = PBXGroup;
			children = (
				A9B63700155F141200BC9EAB /* BeamIt */,
				A976918C155F0F2E00AD11A6 /* AppDelegate.h */,
				A976918D155F0F2E00AD11A6 /* AppDelegate.m */,
				A976918F155F0F2E00AD11A6 /* ViewController.h */,
				A9769190155F0F2E00AD11A6 /* ViewController.m */,
				A9769192155F0F2E00AD11A6 /* ViewController_iPhone.xib */,
				A9769195155F0F2E00AD11A6 /* ViewController_iPad.xib */,
				A9B63712155F3C1300BC9EAB /* Localizable.strings */,
				A9769184155F0F2E00AD11A6 /* Supporting Files */,
				A9B63715155F5C8100BC9EAB /* MNLabel.h */,
				A9B63716155F5C8100BC9EAB /* MNLabel.m */,
			);
			path = MeshNetwork;
			sourceTree = "<group>";
		};
		A9769184155F0F2E00AD11A6 /* Supporting Files */ = {
			isa = PBXGroup;
			children = (
				A9769185155F0F2E00AD11A6 /* MeshNetwork-Info.plist */,
				A9769186155F0F2E00AD11A6 /* InfoPlist.strings */,
				A9769189155F0F2E00AD11A6 /* main.m */,
				A976918B155F0F2E00AD11A6 /* MeshNetwork-Prefix.pch */,
			);
			name = "Supporting Files";
			sourceTree = "<group>";
		};
		A97691A4155F0F2F00AD11A6 /* MeshNetworkTests */ = {
			isa = PBXGroup;
			children = (
				A97691AA155F0F2F00AD11A6 /* MeshNetworkTests.h */,
				A97691AB155F0F2F00AD11A6 /* MeshNetworkTests.m */,
				A97691A5155F0F2F00AD11A6 /* Supporting Files */,
			);
			path = MeshNetworkTests;
			sourceTree = "<group>";
		};
		A97691A5155F0F2F00AD11A6 /* Supporting Files */ = {
			isa = PBXGroup;
			children = (
				A97691A6155F0F2F00AD11A6 /* MeshNetworkTests-Info.plist */,
				A97691A7155F0F2F00AD11A6 /* InfoPlist.strings */,
			);
			name = "Supporting Files";
			sourceTree = "<group>";
		};
		A9B636E3155F136600BC9EAB /* MNLibrary */ = {
			isa = PBXGroup;
			children = (
				A9B6370E155F17D100BC9EAB /* MNCenter.h */,
				A9B6370F155F17D100BC9EAB /* MNCenter.m */,
				A9B636E4155F136600BC9EAB /* Connection */,
				A9B636EB155F136600BC9EAB /* Data */,
				A9B636F3155F136600BC9EAB /* Utilities */,
			);
			path = MNLibrary;
			sourceTree = "<group>";
		};
		A9B636E4155F136600BC9EAB /* Connection */ = {
			isa = PBXGroup;
			children = (
				A9B636E5155F136600BC9EAB /* Device.h */,
				A9B636E6155F136600BC9EAB /* Device.m */,
				A9B636E7155F136600BC9EAB /* DevicesManager.h */,
				A9B636E8155F136600BC9EAB /* DevicesManager.m */,
				A9B636E9155F136600BC9EAB /* SessionManager.h */,
				A9B636EA155F136600BC9EAB /* SessionManager.m */,
			);
			path = Connection;
			sourceTree = "<group>";
		};
		A9B636EB155F136600BC9EAB /* Data */ = {
			isa = PBXGroup;
			children = (
				A9B636EC155F136600BC9EAB /* Contact */,
				A9B636EF155F136600BC9EAB /* Core */,
			);
			path = Data;
			sourceTree = "<group>";
		};
		A9B636EC155F136600BC9EAB /* Contact */ = {
			isa = PBXGroup;
			children = (
				A9B636ED155F136600BC9EAB /* ContactDataProvider.h */,
				A9B636EE155F136600BC9EAB /* ContactDataProvider.m */,
			);
			path = Contact;
			sourceTree = "<group>";
		};
		A9B636EF155F136600BC9EAB /* Core */ = {
			isa = PBXGroup;
			children = (
				A9B636F0155F136600BC9EAB /* DataHandler.h */,
				A9B636F1155F136600BC9EAB /* DataHandler.m */,
				A9B636F2155F136600BC9EAB /* DataProvider.h */,
			);
			path = Core;
			sourceTree = "<group>";
		};
		A9B636F3155F136600BC9EAB /* Utilities */ = {
			isa = PBXGroup;
			children = (
				A9B636F4155F136600BC9EAB /* ABRecordSerializer.h */,
				A9B636F5155F136600BC9EAB /* ABRecordSerializer.m */,
				A9B636F6155F136600BC9EAB /* DeviceCell.h */,
				A9B636F7155F136600BC9EAB /* DeviceCell.m */,
			);
			path = Utilities;
			sourceTree = "<group>";
		};
		A9B63700155F141200BC9EAB /* BeamIt */ = {
			isa = PBXGroup;
			children = (
				A9B6370C155F145D00BC9EAB /* AudioToolbox.framework */,
				A9B63708155F143200BC9EAB /* AddressBook.framework */,
				A9B63709155F143200BC9EAB /* AddressBookUI.framework */,
				A9B63701155F141200BC9EAB /* BeamItViewController.h */,
				A9B63702155F141200BC9EAB /* BeamItViewController.m */,
			);
			path = BeamIt;
			sourceTree = "<group>";
		};
/* End PBXGroup section */

/* Begin PBXNativeTarget section */
		A9769178155F0F2E00AD11A6 /* MeshNetwork */ = {
			isa = PBXNativeTarget;
			buildConfigurationList = A97691AF155F0F2F00AD11A6 /* Build configuration list for PBXNativeTarget "MeshNetwork" */;
			buildPhases = (
				A9769175155F0F2E00AD11A6 /* Sources */,
				A9769176155F0F2E00AD11A6 /* Frameworks */,
				A9769177155F0F2E00AD11A6 /* Resources */,
			);
			buildRules = (
			);
			dependencies = (
			);
			name = MeshNetwork;
			productName = MeshNetwork;
			productReference = A9769179155F0F2E00AD11A6 /* MeshNetwork.app */;
			productType = "com.apple.product-type.application";
		};
		A976919C155F0F2F00AD11A6 /* MeshNetworkTests */ = {
			isa = PBXNativeTarget;
			buildConfigurationList = A97691B2155F0F2F00AD11A6 /* Build configuration list for PBXNativeTarget "MeshNetworkTests" */;
			buildPhases = (
				A9769198155F0F2F00AD11A6 /* Sources */,
				A9769199155F0F2F00AD11A6 /* Frameworks */,
				A976919A155F0F2F00AD11A6 /* Resources */,
				A976919B155F0F2F00AD11A6 /* ShellScript */,
			);
			buildRules = (
			);
			dependencies = (
				A97691A3155F0F2F00AD11A6 /* PBXTargetDependency */,
			);
			name = MeshNetworkTests;
			productName = MeshNetworkTests;
			productReference = A976919D155F0F2F00AD11A6 /* MeshNetworkTests.octest */;
			productType = "com.apple.product-type.bundle";
		};
/* End PBXNativeTarget section */

/* Begin PBXProject section */
		A9769170155F0F2E00AD11A6 /* Project object */ = {
			isa = PBXProject;
			attributes = {
				LastUpgradeCheck = 0430;
			};
			buildConfigurationList = A9769173155F0F2E00AD11A6 /* Build configuration list for PBXProject "MeshNetwork" */;
			compatibilityVersion = "Xcode 3.2";
			developmentRegion = English;
			hasScannedForEncodings = 0;
			knownRegions = (
				en,
			);
			mainGroup = A976916E155F0F2E00AD11A6;
			productRefGroup = A976917A155F0F2E00AD11A6 /* Products */;
			projectDirPath = "";
			projectRoot = "";
			targets = (
				A9769178155F0F2E00AD11A6 /* MeshNetwork */,
				A976919C155F0F2F00AD11A6 /* MeshNetworkTests */,
			);
		};
/* End PBXProject section */

/* Begin PBXResourcesBuildPhase section */
		A9769177155F0F2E00AD11A6 /* Resources */ = {
			isa = PBXResourcesBuildPhase;
			buildActionMask = 2147483647;
			files = (
				A9769188155F0F2E00AD11A6 /* InfoPlist.strings in Resources */,
				A9769194155F0F2E00AD11A6 /* ViewController_iPhone.xib in Resources */,
				A9769197155F0F2E00AD11A6 /* ViewController_iPad.xib in Resources */,
				A9B63714155F3C1300BC9EAB /* Localizable.strings in Resources */,
			);
			runOnlyForDeploymentPostprocessing = 0;
		};
		A976919A155F0F2F00AD11A6 /* Resources */ = {
			isa = PBXResourcesBuildPhase;
			buildActionMask = 2147483647;
			files = (
				A97691A9155F0F2F00AD11A6 /* InfoPlist.strings in Resources */,
			);
			runOnlyForDeploymentPostprocessing = 0;
		};
/* End PBXResourcesBuildPhase section */

/* Begin PBXShellScriptBuildPhase section */
		A976919B155F0F2F00AD11A6 /* ShellScript */ = {
			isa = PBXShellScriptBuildPhase;
			buildActionMask = 2147483647;
			files = (
			);
			inputPaths = (
			);
			outputPaths = (
			);
			runOnlyForDeploymentPostprocessing = 0;
			shellPath = /bin/sh;
			shellScript = "# Run the unit tests in this test bundle.\n\"${SYSTEM_DEVELOPER_DIR}/Tools/RunUnitTests\"\n";
		};
/* End PBXShellScriptBuildPhase section */

/* Begin PBXSourcesBuildPhase section */
		A9769175155F0F2E00AD11A6 /* Sources */ = {
			isa = PBXSourcesBuildPhase;
			buildActionMask = 2147483647;
			files = (
				A976918A155F0F2E00AD11A6 /* main.m in Sources */,
				A976918E155F0F2E00AD11A6 /* AppDelegate.m in Sources */,
				A9769191155F0F2E00AD11A6 /* ViewController.m in Sources */,
				A9B636F8155F136600BC9EAB /* Device.m in Sources */,
				A9B636F9155F136600BC9EAB /* DevicesManager.m in Sources */,
				A9B636FA155F136600BC9EAB /* SessionManager.m in Sources */,
				A9B636FB155F136600BC9EAB /* ContactDataProvider.m in Sources */,
				A9B636FC155F136600BC9EAB /* DataHandler.m in Sources */,
				A9B636FD155F136600BC9EAB /* ABRecordSerializer.m in Sources */,
				A9B636FE155F136600BC9EAB /* DeviceCell.m in Sources */,
				A9B63703155F141200BC9EAB /* BeamItViewController.m in Sources */,
				A9B63710155F17D100BC9EAB /* MNCenter.m in Sources */,
				A9B63717155F5C8100BC9EAB /* MNLabel.m in Sources */,
			);
			runOnlyForDeploymentPostprocessing = 0;
		};
		A9769198155F0F2F00AD11A6 /* Sources */ = {
			isa = PBXSourcesBuildPhase;
			buildActionMask = 2147483647;
			files = (
				A97691AC155F0F2F00AD11A6 /* MeshNetworkTests.m in Sources */,
			);
			runOnlyForDeploymentPostprocessing = 0;
		};
/* End PBXSourcesBuildPhase section */

/* Begin PBXTargetDependency section */
		A97691A3155F0F2F00AD11A6 /* PBXTargetDependency */ = {
			isa = PBXTargetDependency;
			target = A9769178155F0F2E00AD11A6 /* MeshNetwork */;
			targetProxy = A97691A2155F0F2F00AD11A6 /* PBXContainerItemProxy */;
		};
/* End PBXTargetDependency section */

/* Begin PBXVariantGroup section */
		A9769186155F0F2E00AD11A6 /* InfoPlist.strings */ = {
			isa = PBXVariantGroup;
			children = (
				A9769187155F0F2E00AD11A6 /* en */,
			);
			name = InfoPlist.strings;
			sourceTree = "<group>";
		};
		A9769192155F0F2E00AD11A6 /* ViewController_iPhone.xib */ = {
			isa = PBXVariantGroup;
			children = (
				A9769193155F0F2E00AD11A6 /* en */,
			);
			name = ViewController_iPhone.xib;
			sourceTree = "<group>";
		};
		A9769195155F0F2E00AD11A6 /* ViewController_iPad.xib */ = {
			isa = PBXVariantGroup;
			children = (
				A9769196155F0F2E00AD11A6 /* en */,
			);
			name = ViewController_iPad.xib;
			sourceTree = "<group>";
		};
		A97691A7155F0F2F00AD11A6 /* InfoPlist.strings */ = {
			isa = PBXVariantGroup;
			children = (
				A97691A8155F0F2F00AD11A6 /* en */,
			);
			name = InfoPlist.strings;
			sourceTree = "<group>";
		};
		A9B63712155F3C1300BC9EAB /* Localizable.strings */ = {
			isa = PBXVariantGroup;
			children = (
				A9B63713155F3C1300BC9EAB /* en */,
			);
			name = Localizable.strings;
			sourceTree = "<group>";
		};
/* End PBXVariantGroup section */

/* Begin XCBuildConfiguration section */
		A97691AD155F0F2F00AD11A6 /* Debug */ = {
			isa = XCBuildConfiguration;
			buildSettings = {
				ALWAYS_SEARCH_USER_PATHS = NO;
				ARCHS = "$(ARCHS_STANDARD_32_BIT)";
				"CODE_SIGN_IDENTITY[sdk=iphoneos*]" = "iPhone Developer";
				COPY_PHASE_STRIP = NO;
				GCC_C_LANGUAGE_STANDARD = gnu99;
				GCC_DYNAMIC_NO_PIC = NO;
				GCC_OPTIMIZATION_LEVEL = 0;
				GCC_PREPROCESSOR_DEFINITIONS = (
					"DEBUG=1",
					"$(inherited)",
				);
				GCC_SYMBOLS_PRIVATE_EXTERN = NO;
				GCC_VERSION = com.apple.compilers.llvm.clang.1_0;
				GCC_WARN_ABOUT_RETURN_TYPE = YES;
				GCC_WARN_UNINITIALIZED_AUTOS = YES;
				GCC_WARN_UNUSED_VARIABLE = YES;
				IPHONEOS_DEPLOYMENT_TARGET = 5.0;
				SDKROOT = iphoneos;
				TARGETED_DEVICE_FAMILY = "1,2";
			};
			name = Debug;
		};
		A97691AE155F0F2F00AD11A6 /* Release */ = {
			isa = XCBuildConfiguration;
			buildSettings = {
				ALWAYS_SEARCH_USER_PATHS = NO;
				ARCHS = "$(ARCHS_STANDARD_32_BIT)";
				"CODE_SIGN_IDENTITY[sdk=iphoneos*]" = "iPhone Developer";
				COPY_PHASE_STRIP = YES;
				GCC_C_LANGUAGE_STANDARD = gnu99;
				GCC_VERSION = com.apple.compilers.llvm.clang.1_0;
				GCC_WARN_ABOUT_RETURN_TYPE = YES;
				GCC_WARN_UNINITIALIZED_AUTOS = YES;
				GCC_WARN_UNUSED_VARIABLE = YES;
				IPHONEOS_DEPLOYMENT_TARGET = 5.0;
				OTHER_CFLAGS = "-DNS_BLOCK_ASSERTIONS=1";
				SDKROOT = iphoneos;
				TARGETED_DEVICE_FAMILY = "1,2";
				VALIDATE_PRODUCT = YES;
			};
			name = Release;
		};
		A97691B0155F0F2F00AD11A6 /* Debug */ = {
			isa = XCBuildConfiguration;
			buildSettings = {
				GCC_PRECOMPILE_PREFIX_HEADER = YES;
				GCC_PREFIX_HEADER = "MeshNetwork/MeshNetwork-Prefix.pch";
				INFOPLIST_FILE = "MeshNetwork/MeshNetwork-Info.plist";
				PRODUCT_NAME = "$(TARGET_NAME)";
				TARGETED_DEVICE_FAMILY = 1;
				WRAPPER_EXTENSION = app;
			};
			name = Debug;
		};
		A97691B1155F0F2F00AD11A6 /* Release */ = {
			isa = XCBuildConfiguration;
			buildSettings = {
				GCC_PRECOMPILE_PREFIX_HEADER = YES;
				GCC_PREFIX_HEADER = "MeshNetwork/MeshNetwork-Prefix.pch";
				INFOPLIST_FILE = "MeshNetwork/MeshNetwork-Info.plist";
				PRODUCT_NAME = "$(TARGET_NAME)";
				TARGETED_DEVICE_FAMILY = 1;
				WRAPPER_EXTENSION = app;
			};
			name = Release;
		};
		A97691B3155F0F2F00AD11A6 /* Debug */ = {
			isa = XCBuildConfiguration;
			buildSettings = {
				BUNDLE_LOADER = "$(BUILT_PRODUCTS_DIR)/MeshNetwork.app/MeshNetwork";
				FRAMEWORK_SEARCH_PATHS = (
					"$(SDKROOT)/Developer/Library/Frameworks",
					"$(DEVELOPER_LIBRARY_DIR)/Frameworks",
				);
				GCC_PRECOMPILE_PREFIX_HEADER = YES;
				GCC_PREFIX_HEADER = "MeshNetwork/MeshNetwork-Prefix.pch";
				INFOPLIST_FILE = "MeshNetworkTests/MeshNetworkTests-Info.plist";
				PRODUCT_NAME = "$(TARGET_NAME)";
				TEST_HOST = "$(BUNDLE_LOADER)";
				WRAPPER_EXTENSION = octest;
			};
			name = Debug;
		};
		A97691B4155F0F2F00AD11A6 /* Release */ = {
			isa = XCBuildConfiguration;
			buildSettings = {
				BUNDLE_LOADER = "$(BUILT_PRODUCTS_DIR)/MeshNetwork.app/MeshNetwork";
				FRAMEWORK_SEARCH_PATHS = (
					"$(SDKROOT)/Developer/Library/Frameworks",
					"$(DEVELOPER_LIBRARY_DIR)/Frameworks",
				);
				GCC_PRECOMPILE_PREFIX_HEADER = YES;
				GCC_PREFIX_HEADER = "MeshNetwork/MeshNetwork-Prefix.pch";
				INFOPLIST_FILE = "MeshNetworkTests/MeshNetworkTests-Info.plist";
				PRODUCT_NAME = "$(TARGET_NAME)";
				TEST_HOST = "$(BUNDLE_LOADER)";
				WRAPPER_EXTENSION = octest;
			};
			name = Release;
		};
/* End XCBuildConfiguration section */

/* Begin XCConfigurationList section */
		A9769173155F0F2E00AD11A6 /* Build configuration list for PBXProject "MeshNetwork" */ = {
			isa = XCConfigurationList;
			buildConfigurations = (
				A97691AD155F0F2F00AD11A6 /* Debug */,
				A97691AE155F0F2F00AD11A6 /* Release */,
			);
			defaultConfigurationIsVisible = 0;
			defaultConfigurationName = Release;
		};
		A97691AF155F0F2F00AD11A6 /* Build configuration list for PBXNativeTarget "MeshNetwork" */ = {
			isa = XCConfigurationList;
			buildConfigurations = (
				A97691B0155F0F2F00AD11A6 /* Debug */,
				A97691B1155F0F2F00AD11A6 /* Release */,
			);
			defaultConfigurationIsVisible = 0;
			defaultConfigurationName = Release;
		};
		A97691B2155F0F2F00AD11A6 /* Build configuration list for PBXNativeTarget "MeshNetworkTests" */ = {
			isa = XCConfigurationList;
			buildConfigurations = (
				A97691B3155F0F2F00AD11A6 /* Debug */,
				A97691B4155F0F2F00AD11A6 /* Release */,
			);
			defaultConfigurationIsVisible = 0;
			defaultConfigurationName = Release;
		};
/* End XCConfigurationList section */
	};
	rootObject = A9769170155F0F2E00AD11A6 /* Project object */;
}
